
Microsoft Visual Studio Solution File, Format Version 12.00
# Visual Studio Version 16
VisualStudioVersion = 16.0.31005.135
MinimumVisualStudioVersion = 10.0.40219.1
Project("{9A19103F-16F7-4668-BE54-9A1E7A4F7556}") = "create_svg_component", "create_svg_component\create_svg_component.csproj", "{2F3710A6-A5B3-4E48-A3FD-CA1794A68B3B}"
EndProject
Global
	GlobalSection(SolutionConfigurationPlatforms) = preSolution
		Debug|Any CPU = Debug|Any CPU
		Release|Any CPU = Release|Any CPU
	EndGlobalSection
	GlobalSection(ProjectConfigurationPlatforms) = postSolution
		{2F3710A6-A5B3-4E48-A3FD-CA1794A68B3B}.Debug|Any CPU.ActiveCfg = Debug|Any CPU
		{2F3710A6-A5B3-4E48-A3FD-CA1794A68B3B}.Debug|Any CPU.Build.0 = Debug|Any CPU
		{2F3710A6-A5B3-4E48-A3FD-CA1794A68B3B}.Release|Any CPU.ActiveCfg = Release|Any CPU
		{2F3710A6-A5B3-4E48-A3FD-CA1794A68B3B}.Release|Any CPU.Build.0 = Release|Any CPU
	EndGlobalSection
	GlobalSection(SolutionProperties) = preSolution
		HideSolutionNode = FALSE
	EndGlobalSection
	GlobalSection(ExtensibilityGlobals) = postSolution
		SolutionGuid = {7F415E35-4137-4AEB-8867-FBA840E2A700}
	EndGlobalSection
	GlobalSection(MonoDevelopProperties) = preSolution
		Policies = $0
		$0.DotNetNamingPolicy = $1
		$1.DirectoryNamespaceAssociation = PrefixedHierarchical
		$0.TextStylePolicy = $2
		$2.inheritsSet = null
		$2.scope = text/x-csharp
		$0.CSharpFormattingPolicy = $3
		$3.scope = text/x-csharp
		$0.VersionControlPolicy = $4
	EndGlobalSection
EndGlobal
